{
  "name": "matchbox-ws",
  "version": "1.0.0",
  "lockfileVersion": 2,
  "requires": true,
  "packages": {
    "": {
      "name": "matchbox-ws",
      "version": "1.0.0",
      "license": "ISC",
      "dependencies": {
        "human-readable-ids": "^1.0.4",
        "ws": "^8.6.0"
      }
    },
    "node_modules/human-readable-ids": {
      "version": "1.0.4",
      "resolved": "https://registry.npmjs.org/human-readable-ids/-/human-readable-ids-1.0.4.tgz",
      "integrity": "sha512-h1zwThTims8A/SpqFGWyTx+jG1+WRMJaEeZgbtPGrIpj2AZjsOgy8Y+iNzJ0yAyN669Q6F02EK66WMWcst+2FA==",
      "dependencies": {
        "knuth-shuffle": "^1.0.0"
      }
    },
    "node_modules/knuth-shuffle": {
      "version": "1.0.8",
      "resolved": "https://registry.npmjs.org/knuth-shuffle/-/knuth-shuffle-1.0.8.tgz",
      "integrity": "sha512-IdC4Hpp+mx53zTt6VAGsAtbGM0g4BV9fP8tTcviCosSwocHcRDw9uG5Rnv6wLWckF4r72qeXFoK9NkvV1gUJCQ=="
    },
    "node_modules/ws": {
      "version": "8.6.0",
      "resolved": "https://registry.npmjs.org/ws/-/ws-8.6.0.tgz",
      "integrity": "sha512-AzmM3aH3gk0aX7/rZLYvjdvZooofDu3fFOzGqcSnQ1tOcTWwhM/o+q++E8mAyVVIyUdajrkzWUGftaVSDLn1bw==",
      "engines": {
        "node": ">=10.0.0"
      },
      "peerDependencies": {
        "bufferutil": "^4.0.1",
        "utf-8-validate": "^5.0.2"
      },
      "peerDependenciesMeta": {
        "bufferutil": {
          "optional": true
        },
        "utf-8-validate": {
          "optional": true
        }
      }
    }
  },
  "dependencies": {
    "human-readable-ids": {
      "version": "1.0.4",
      "resolved": "https://registry.npmjs.org/human-readable-ids/-/human-readable-ids-1.0.4.tgz",
      "integrity": "sha512-h1zwThTims8A/SpqFGWyTx+jG1+WRMJaEeZgbtPGrIpj2AZjsOgy8Y+iNzJ0yAyN669Q6F02EK66WMWcst+2FA==",
      "requires": {
        "knuth-shuffle": "^1.0.0"
      }
    },
    "knuth-shuffle": {
      "version": "1.0.8",
      "resolved": "https://registry.npmjs.org/knuth-shuffle/-/knuth-shuffle-1.0.8.tgz",
      "integrity": "sha512-IdC4Hpp+mx53zTt6VAGsAtbGM0g4BV9fP8tTcviCosSwocHcRDw9uG5Rnv6wLWckF4r72qeXFoK9NkvV1gUJCQ=="
    },
    "ws": {
      "version": "8.6.0",
      "resolved": "https://registry.npmjs.org/ws/-/ws-8.6.0.tgz",
      "integrity": "sha512-AzmM3aH3gk0aX7/rZLYvjdvZooofDu3fFOzGqcSnQ1tOcTWwhM/o+q++E8mAyVVIyUdajrkzWUGftaVSDLn1bw==",
      "requires": {}
    }
  }
}
